
Microsoft Visual Studio Solution File, Format Version 12.00
# Visual Studio Version 17
VisualStudioVersion = 17.7.34031.279
MinimumVisualStudioVersion = 10.0.40219.1
Project("{FAE04EC0-301F-11D3-BF4B-00C04F79EFBC}") = "Bucle01", "Bucle01.csproj", "{1739281C-4BE2-4159-A2BC-1F601668E162}"
EndProject
Global
	GlobalSection(SolutionConfigurationPlatforms) = preSolution
		Debug|Any CPU = Debug|Any CPU
		Release|Any CPU = Release|Any CPU
	EndGlobalSection
	GlobalSection(ProjectConfigurationPlatforms) = postSolution
		{1739281C-4BE2-4159-A2BC-1F601668E162}.Debug|Any CPU.ActiveCfg = Debug|Any CPU
		{1739281C-4BE2-4159-A2BC-1F601668E162}.Debug|Any CPU.Build.0 = Debug|Any CPU
		{1739281C-4BE2-4159-A2BC-1F601668E162}.Release|Any CPU.ActiveCfg = Release|Any CPU
		{1739281C-4BE2-4159-A2BC-1F601668E162}.Release|Any CPU.Build.0 = Release|Any CPU
	EndGlobalSection
	GlobalSection(SolutionProperties) = preSolution
		HideSolutionNode = FALSE
	EndGlobalSection
	GlobalSection(ExtensibilityGlobals) = postSolution
		SolutionGuid = {124F54C1-473A-4F34-8F95-24E0CA8F4FDF}
	EndGlobalSection
EndGlobal
